
Microsoft Visual Studio Solution File, Format Version 12.00
# Visual Studio Version 17
VisualStudioVersion = 17.4.33122.133
MinimumVisualStudioVersion = 10.0.40219.1
Project("{FAE04EC0-301F-11D3-BF4B-00C04F79EFBC}") = "Examen1", "Examen1\Examen1.csproj", "{BFD4BA53-915D-4625-8E95-9E41521971F8}"
EndProject
Global
	GlobalSection(SolutionConfigurationPlatforms) = preSolution
		Debug|Any CPU = Debug|Any CPU
		Release|Any CPU = Release|Any CPU
	EndGlobalSection
	GlobalSection(ProjectConfigurationPlatforms) = postSolution
		{BFD4BA53-915D-4625-8E95-9E41521971F8}.Debug|Any CPU.ActiveCfg = Debug|Any CPU
		{BFD4BA53-915D-4625-8E95-9E41521971F8}.Debug|Any CPU.Build.0 = Debug|Any CPU
		{BFD4BA53-915D-4625-8E95-9E41521971F8}.Release|Any CPU.ActiveCfg = Release|Any CPU
		{BFD4BA53-915D-4625-8E95-9E41521971F8}.Release|Any CPU.Build.0 = Release|Any CPU
	EndGlobalSection
	GlobalSection(SolutionProperties) = preSolution
		HideSolutionNode = FALSE
	EndGlobalSection
	GlobalSection(ExtensibilityGlobals) = postSolution
		SolutionGuid = {82D8DA8D-5BB0-42AC-A092-1BB7D30A9B5F}
	EndGlobalSection
EndGlobal
